
Microsoft Visual Studio Solution File, Format Version 12.00
# Visual Studio Version 17
VisualStudioVersion = 17.8.34601.278
MinimumVisualStudioVersion = 10.0.40219.1
Project("{9A19103F-16F7-4668-BE54-9A1E7A4F7556}") = "CheckDigit.Documento", "CheckDigit.Documento\CheckDigit.Documento.csproj", "{21CDFF77-862E-403E-B0F3-6A6E73B7E0E8}"
EndProject
Project("{9A19103F-16F7-4668-BE54-9A1E7A4F7556}") = "CheckDigit.Documento.Tests", "CheckDigit.Documento.Tests\CheckDigit.Documento.Tests.csproj", "{632D8ABF-3663-4D17-B82E-4561BC32B2A3}"
EndProject
Global
	GlobalSection(SolutionConfigurationPlatforms) = preSolution
		Debug|Any CPU = Debug|Any CPU
		Release|Any CPU = Release|Any CPU
	EndGlobalSection
	GlobalSection(ProjectConfigurationPlatforms) = postSolution
		{8C4E1DC2-169A-430B-ABB1-D8891997F670}.Debug|Any CPU.ActiveCfg = Debug|Any CPU
		{8C4E1DC2-169A-430B-ABB1-D8891997F670}.Debug|Any CPU.Build.0 = Debug|Any CPU
		{8C4E1DC2-169A-430B-ABB1-D8891997F670}.Release|Any CPU.ActiveCfg = Release|Any CPU
		{8C4E1DC2-169A-430B-ABB1-D8891997F670}.Release|Any CPU.Build.0 = Release|Any CPU
		{21CDFF77-862E-403E-B0F3-6A6E73B7E0E8}.Debug|Any CPU.ActiveCfg = Debug|Any CPU
		{21CDFF77-862E-403E-B0F3-6A6E73B7E0E8}.Debug|Any CPU.Build.0 = Debug|Any CPU
		{21CDFF77-862E-403E-B0F3-6A6E73B7E0E8}.Release|Any CPU.ActiveCfg = Release|Any CPU
		{21CDFF77-862E-403E-B0F3-6A6E73B7E0E8}.Release|Any CPU.Build.0 = Release|Any CPU
		{632D8ABF-3663-4D17-B82E-4561BC32B2A3}.Debug|Any CPU.ActiveCfg = Debug|Any CPU
		{632D8ABF-3663-4D17-B82E-4561BC32B2A3}.Debug|Any CPU.Build.0 = Debug|Any CPU
		{632D8ABF-3663-4D17-B82E-4561BC32B2A3}.Release|Any CPU.ActiveCfg = Release|Any CPU
		{CD5F009F-1E1A-4B71-AC6F-E74A1FAF2C40}.Debug|Any CPU.ActiveCfg = Debug|Any CPU
		{CD5F009F-1E1A-4B71-AC6F-E74A1FAF2C40}.Debug|Any CPU.Build.0 = Debug|Any CPU
		{CD5F009F-1E1A-4B71-AC6F-E74A1FAF2C40}.Release|Any CPU.ActiveCfg = Release|Any CPU
	EndGlobalSection
	GlobalSection(SolutionProperties) = preSolution
		HideSolutionNode = FALSE
	EndGlobalSection
	GlobalSection(ExtensibilityGlobals) = postSolution
		SolutionGuid = {51AD0548-939F-45A3-8388-BDCC701A7A68}
	EndGlobalSection
EndGlobal
